
Microsoft Visual Studio Solution File, Format Version 12.00
# Visual Studio Version 16
VisualStudioVersion = 16.0.31424.327
MinimumVisualStudioVersion = 10.0.40219.1
Project("{FAE04EC0-301F-11D3-BF4B-00C04F79EFBC}") = "StudentAdminPortal.API", "StudentAdminPortal.API\StudentAdminPortal.API.csproj", "{B139F057-43AF-4291-A753-06F7C47EC585}"
EndProject
Global
	GlobalSection(SolutionConfigurationPlatforms) = preSolution
		Debug|Any CPU = Debug|Any CPU
		Release|Any CPU = Release|Any CPU
	EndGlobalSection
	GlobalSection(ProjectConfigurationPlatforms) = postSolution
		{B139F057-43AF-4291-A753-06F7C47EC585}.Debug|Any CPU.ActiveCfg = Debug|Any CPU
		{B139F057-43AF-4291-A753-06F7C47EC585}.Debug|Any CPU.Build.0 = Debug|Any CPU
		{B139F057-43AF-4291-A753-06F7C47EC585}.Release|Any CPU.ActiveCfg = Release|Any CPU
		{B139F057-43AF-4291-A753-06F7C47EC585}.Release|Any CPU.Build.0 = Release|Any CPU
	EndGlobalSection
	GlobalSection(SolutionProperties) = preSolution
		HideSolutionNode = FALSE
	EndGlobalSection
	GlobalSection(ExtensibilityGlobals) = postSolution
		SolutionGuid = {5A222D9F-7F5F-4DA6-BBB5-E4B60E26EC3E}
	EndGlobalSection
EndGlobal
